{
  "lockfile_version": "1",
  "packages": {
    "difftastic@latest": {
      "last_modified": "2025-03-11T17:52:14Z",
      "resolved": "github:NixOS/nixpkgs/0d534853a55b5d02a4ababa1d71921ce8f0aee4c#difftastic",
      "source": "devbox-search",
      "version": "0.63.0",
      "systems": {
        "aarch64-darwin": {
          "outputs": [
            {
              "name": "out",
              "path": "/nix/store/dscaz4ha3d13lmavb6kvh2bri9njsmv5-difftastic-0.63.0",
              "default": true
            }
          ],
          "store_path": "/nix/store/dscaz4ha3d13lmavb6kvh2bri9njsmv5-difftastic-0.63.0"
        },
        "aarch64-linux": {
          "outputs": [
            {
              "name": "out",
              "path": "/nix/store/i0i4n1sww8ak81d4h02821al2msl32p5-difftastic-0.63.0",
              "default": true
            }
          ],
          "store_path": "/nix/store/i0i4n1sww8ak81d4h02821al2msl32p5-difftastic-0.63.0"
        },
        "x86_64-darwin": {
          "outputs": [
            {
              "name": "out",
              "path": "/nix/store/qfzf8dakn0z63pzmrllm3c64rl4zkhnf-difftastic-0.63.0",
              "default": true
            }
          ],
          "store_path": "/nix/store/qfzf8dakn0z63pzmrllm3c64rl4zkhnf-difftastic-0.63.0"
        },
        "x86_64-linux": {
          "outputs": [
            {
              "name": "out",
              "path": "/nix/store/w61pm4xln47h1xkg9na9075l9ihvv6sy-difftastic-0.63.0",
              "default": true
            }
          ],
          "store_path": "/nix/store/w61pm4xln47h1xkg9na9075l9ihvv6sy-difftastic-0.63.0"
        }
      }
    },
    "ffmpeg@latest": {
      "last_modified": "2025-04-13T09:22:33Z",
      "resolved": "github:NixOS/nixpkgs/18dd725c29603f582cf1900e0d25f9f1063dbf11#ffmpeg",
      "source": "devbox-search",
      "version": "7.1.1",
      "systems": {
        "aarch64-darwin": {
          "outputs": [
            {
              "name": "bin",
              "path": "/nix/store/pijzl7w8sk2ynkbfjahrn3y18n0fa1a8-ffmpeg-7.1.1-bin",
              "default": true
            },
            {
              "name": "man",
              "path": "/nix/store/fkxf65f4pd87x1nbmjlrqm01i4i6fvn2-ffmpeg-7.1.1-man",
              "default": true
            },
            {
              "name": "data",
              "path": "/nix/store/5ycg65w1cjd769j0k8i3d95jqijn6r9q-ffmpeg-7.1.1-data"
            },
            {
              "name": "dev",
              "path": "/nix/store/shr80pw02b4bl6ivxd2b9594xk00hb6c-ffmpeg-7.1.1-dev"
            },
            {
              "name": "doc",
              "path": "/nix/store/6wlifnki53phlzslpizi7w0gq9cdnd5j-ffmpeg-7.1.1-doc"
            },
            {
              "name": "lib",
              "path": "/nix/store/2q2raxa5l13fia3i9vzja84kpy635cbh-ffmpeg-7.1.1-lib"
            },
            {
              "name": "out",
              "path": "/nix/store/srsk9w1990dpahhamxcvi14bs4v50d1w-ffmpeg-7.1.1"
            }
          ],
          "store_path": "/nix/store/pijzl7w8sk2ynkbfjahrn3y18n0fa1a8-ffmpeg-7.1.1-bin"
        },
        "aarch64-linux": {
          "outputs": [
            {
              "name": "bin",
              "path": "/nix/store/zi3ahf2v7cvpz5c5x7p7yazaa795qca1-ffmpeg-7.1.1-bin",
              "default": true
            },
            {
              "name": "man",
              "path": "/nix/store/3pd0aks6a9ig7jmiclay1rhd4i4f6xv9-ffmpeg-7.1.1-man",
              "default": true
            },
            {
              "name": "dev",
              "path": "/nix/store/mklkaaf314x31g3ynw62xk04lj4y629f-ffmpeg-7.1.1-dev"
            },
            {
              "name": "doc",
              "path": "/nix/store/l2f93x44m3ywkb5zfd354f2di28alykb-ffmpeg-7.1.1-doc"
            },
            {
              "name": "lib",
              "path": "/nix/store/2542lds1lhmx27zg8kyyf8xf7vn6fhm9-ffmpeg-7.1.1-lib"
            },
            {
              "name": "out",
              "path": "/nix/store/9jrmzxf0swsa6pqw9n040xlm1g2bbacn-ffmpeg-7.1.1"
            },
            {
              "name": "data",
              "path": "/nix/store/m773h2mjxcvb8sxsjrd9q6gihnhi997f-ffmpeg-7.1.1-data"
            }
          ],
          "store_path": "/nix/store/zi3ahf2v7cvpz5c5x7p7yazaa795qca1-ffmpeg-7.1.1-bin"
        },
        "x86_64-darwin": {
          "outputs": [
            {
              "name": "bin",
              "path": "/nix/store/3dkll7ypk49z0w58zgb3mhv9z0r2dz24-ffmpeg-7.1.1-bin",
              "default": true
            },
            {
              "name": "man",
              "path": "/nix/store/cwy10kzivcyxdw4jvpqcjim0v45wbafi-ffmpeg-7.1.1-man",
              "default": true
            },
            {
              "name": "data",
              "path": "/nix/store/4dkwapsb2kxz87hxd8wyv7fg4nhv5168-ffmpeg-7.1.1-data"
            },
            {
              "name": "dev",
              "path": "/nix/store/8af5617pc1wxykb016x24fsgar0b2ahw-ffmpeg-7.1.1-dev"
            },
            {
              "name": "doc",
              "path": "/nix/store/j4lmf1qbls05wrnl4v25nb92yrab8a91-ffmpeg-7.1.1-doc"
            },
            {
              "name": "lib",
              "path": "/nix/store/hzw4x9yw9k2y858d420ls3d5rmp69k3j-ffmpeg-7.1.1-lib"
            },
            {
              "name": "out",
              "path": "/nix/store/41z63lia5qmj99iivpv9d99sfi3i5jg6-ffmpeg-7.1.1"
            }
          ],
          "store_path": "/nix/store/3dkll7ypk49z0w58zgb3mhv9z0r2dz24-ffmpeg-7.1.1-bin"
        },
        "x86_64-linux": {
          "outputs": [
            {
              "name": "bin",
              "path": "/nix/store/gjzf3dca4v804mx46z1xnr2vqmi8r90n-ffmpeg-7.1.1-bin",
              "default": true
            },
            {
              "name": "man",
              "path": "/nix/store/6pj3ngc7l3i701bi8ivg69i2456wa0ds-ffmpeg-7.1.1-man",
              "default": true
            },
            {
              "name": "dev",
              "path": "/nix/store/3002w5flrcflzhjy353kjjgmssw7py7x-ffmpeg-7.1.1-dev"
            },
            {
              "name": "doc",
              "path": "/nix/store/ml301rkwb57afnb1bfyilf0hgbjrng3i-ffmpeg-7.1.1-doc"
            },
            {
              "name": "lib",
              "path": "/nix/store/pg0bn822q72sy52ws98ks9c6w1k6s2sp-ffmpeg-7.1.1-lib"
            },
            {
              "name": "out",
              "path": "/nix/store/776zq7f0x4039p76lrcakv33knsymais-ffmpeg-7.1.1"
            },
            {
              "name": "data",
              "path": "/nix/store/fcw9rgcrlx81vv71ygj4gmi0x6fncwpp-ffmpeg-7.1.1-data"
            }
          ],
          "store_path": "/nix/store/gjzf3dca4v804mx46z1xnr2vqmi8r90n-ffmpeg-7.1.1-bin"
        }
      }
    },
    "git-lfs@latest": {
      "last_modified": "2025-03-13T11:38:39Z",
      "resolved": "github:NixOS/nixpkgs/573c650e8a14b2faa0041645ab18aed7e60f0c9a#git-lfs",
      "source": "devbox-search",
      "version": "3.6.1",
      "systems": {
        "aarch64-darwin": {
          "outputs": [
            {
              "name": "out",
              "path": "/nix/store/kp8v6xwbpgjqszsr490axvbj0h3fyzr1-git-lfs-3.6.1",
              "default": true
            }
          ],
          "store_path": "/nix/store/kp8v6xwbpgjqszsr490axvbj0h3fyzr1-git-lfs-3.6.1"
        },
        "aarch64-linux": {
          "outputs": [
            {
              "name": "out",
              "path": "/nix/store/g1sr0palcw94jd93dq72ch6crg0m7mpf-git-lfs-3.6.1",
              "default": true
            }
          ],
          "store_path": "/nix/store/g1sr0palcw94jd93dq72ch6crg0m7mpf-git-lfs-3.6.1"
        },
        "x86_64-darwin": {
          "outputs": [
            {
              "name": "out",
              "path": "/nix/store/krvabi8dgxrrii2hsm21prycvadp7ckr-git-lfs-3.6.1",
              "default": true
            }
          ],
          "store_path": "/nix/store/krvabi8dgxrrii2hsm21prycvadp7ckr-git-lfs-3.6.1"
        },
        "x86_64-linux": {
          "outputs": [
            {
              "name": "out",
              "path": "/nix/store/fxkw93ljlxz5zy9jsn65wyjmlgchxiar-git-lfs-3.6.1",
              "default": true
            }
          ],
          "store_path": "/nix/store/fxkw93ljlxz5zy9jsn65wyjmlgchxiar-git-lfs-3.6.1"
        }
      }
    },
    "git@2.44.1": {
      "last_modified": "2024-05-22T06:18:38Z",
      "resolved": "github:NixOS/nixpkgs/3f316d2a50699a78afe5e77ca486ad553169061e#git",
      "source": "devbox-search",
      "version": "2.44.1",
      "systems": {
        "aarch64-darwin": {
          "outputs": [
            {
              "name": "out",
              "path": "/nix/store/1y3m89x5sl3bwag9lk4fdbqmswzjp9is-git-2.44.1",
              "default": true
            },
            {
              "name": "doc",
              "path": "/nix/store/hhwbgxadc1r7f2vf0f7mf4mlcy3xsxh9-git-2.44.1-doc"
            }
          ],
          "store_path": "/nix/store/1y3m89x5sl3bwag9lk4fdbqmswzjp9is-git-2.44.1"
        },
        "aarch64-linux": {
          "outputs": [
            {
              "name": "out",
              "path": "/nix/store/y6si9acv2p32jjyavs5arj8lwk7qq945-git-2.44.1",
              "default": true
            },
            {
              "name": "debug",
              "path": "/nix/store/vjgwf4vr6dqclvb503fqir13yiqp7bf6-git-2.44.1-debug"
            },
            {
              "name": "doc",
              "path": "/nix/store/1c5816l3n7dgbjkbf6fdlw0amq5rvazq-git-2.44.1-doc"
            }
          ],
          "store_path": "/nix/store/y6si9acv2p32jjyavs5arj8lwk7qq945-git-2.44.1"
        },
        "x86_64-darwin": {
          "outputs": [
            {
              "name": "out",
              "path": "/nix/store/rwkir7nma4hgyg8lydzjisbjgwr9a4xf-git-2.44.1",
              "default": true
            },
            {
              "name": "doc",
              "path": "/nix/store/y4l5l7k5syy0s3baznixgxbnmn8aiyxq-git-2.44.1-doc"
            }
          ],
          "store_path": "/nix/store/rwkir7nma4hgyg8lydzjisbjgwr9a4xf-git-2.44.1"
        },
        "x86_64-linux": {
          "outputs": [
            {
              "name": "out",
              "path": "/nix/store/jxjzgz1p0hdqsg8k17ivw5mgcd6ffx9c-git-2.44.1",
              "default": true
            },
            {
              "name": "debug",
              "path": "/nix/store/93xf345jmvrcz1wc3va981rp13rn4hyz-git-2.44.1-debug"
            },
            {
              "name": "doc",
              "path": "/nix/store/rvgnmd4cwvmy3v77ig977ix40d2mipri-git-2.44.1-doc"
            }
          ],
          "store_path": "/nix/store/jxjzgz1p0hdqsg8k17ivw5mgcd6ffx9c-git-2.44.1"
        }
      }
    },
    "github:NixOS/nixpkgs/nixpkgs-unstable": {
      "resolved": "github:NixOS/nixpkgs/b0b4b5f8f621bfe213b8b21694bab52ecfcbf30b?lastModified=1744032190&narHash=sha256-KSlfrncSkcu1YE%2BuuJ%2FPTURsSlThoGkRqiGDVdbiE%2Fk%3D"
    },
    "nodejs@22.14.0": {
      "last_modified": "2025-03-23T14:04:58Z",
      "plugin_version": "0.0.2",
      "resolved": "github:NixOS/nixpkgs/f3a2a0601e9669a6e38af25b46ce6c4563bcb6da#nodejs_22",
      "source": "devbox-search",
      "version": "22.14.0",
      "systems": {
        "aarch64-darwin": {
          "outputs": [
            {
              "name": "out",
              "path": "/nix/store/i1v519j66jmvpqr5h382i9nanxwa5l6n-nodejs-22.14.0",
              "default": true
            },
            {
              "name": "libv8",
              "path": "/nix/store/4m6xhygkx74fsd5k99nihgr7vg85f553-nodejs-22.14.0-libv8"
            }
          ],
          "store_path": "/nix/store/i1v519j66jmvpqr5h382i9nanxwa5l6n-nodejs-22.14.0"
        },
        "aarch64-linux": {
          "outputs": [
            {
              "name": "out",
              "path": "/nix/store/5baih13vgavgia3889wsvh4n4z0mkawd-nodejs-22.14.0",
              "default": true
            },
            {
              "name": "libv8",
              "path": "/nix/store/5qv5cl1s9hjhyjhd4nmgndf1ccf3mc4r-nodejs-22.14.0-libv8"
            }
          ],
          "store_path": "/nix/store/5baih13vgavgia3889wsvh4n4z0mkawd-nodejs-22.14.0"
        },
        "x86_64-darwin": {
          "outputs": [
            {
              "name": "out",
              "path": "/nix/store/8b56xv3fa7v0w0kpr2yvkxq6cb2kknd0-nodejs-22.14.0",
              "default": true
            },
            {
              "name": "libv8",
              "path": "/nix/store/jg0m7pq2hvqrkm1vx22sghqvc9vnn35h-nodejs-22.14.0-libv8"
            }
          ],
          "store_path": "/nix/store/8b56xv3fa7v0w0kpr2yvkxq6cb2kknd0-nodejs-22.14.0"
        },
        "x86_64-linux": {
          "outputs": [
            {
              "name": "out",
              "path": "/nix/store/bmakyv5ip1wc9jk155glzdw4vnnrym04-nodejs-22.14.0",
              "default": true
            },
            {
              "name": "libv8",
              "path": "/nix/store/j4w6685rkqwwl03cc8phm8xiyb2xmbnq-nodejs-22.14.0-libv8"
            }
          ],
          "store_path": "/nix/store/bmakyv5ip1wc9jk155glzdw4vnnrym04-nodejs-22.14.0"
        }
      }
    }
  }
}
