{
  "lockfile_version": "1",
  "packages": {
    "difftastic@0.51.1": {
      "last_modified": "2023-09-10T10:53:27Z",
      "resolved": "github:NixOS/nixpkgs/78058d810644f5ed276804ce7ea9e82d92bee293#difftastic",
      "source": "devbox-search",
      "version": "0.51.1"
    },
    "git-branchless@0.8.0": {
      "last_modified": "2023-08-30T00:25:28Z",
      "resolved": "github:NixOS/nixpkgs/a63a64b593dcf2fe05f7c5d666eb395950f36bc9#git-branchless",
      "source": "devbox-search",
      "version": "0.8.0"
    },
    "git@2.40.1": {
      "last_modified": "2023-05-01T16:53:22Z",
      "resolved": "github:NixOS/nixpkgs/8670e496ffd093b60e74e7fa53526aa5920d09eb#git",
      "version": "2.40.1"
    },
    "nodePackages.pnpm@8.6.5": {
      "last_modified": "2023-06-29T16:20:38Z",
      "resolved": "github:NixOS/nixpkgs/3c614fbc76fc152f3e1bc4b2263da6d90adf80fb#nodePackages.pnpm",
      "version": "8.6.5"
    },
    "nodejs@20.3.1": {
      "last_modified": "2023-06-29T16:20:38Z",
      "resolved": "github:NixOS/nixpkgs/3c614fbc76fc152f3e1bc4b2263da6d90adf80fb#nodejs_20",
      "version": "20.3.1"
    }
  }
}
